// !$*UTF8*$!
{
	archiveVersion = 1;
	classes = {
	};
	objectVersion = 56;
	objects = {

/* Begin PBXBuildFile section */
		23F041E12B33310A002ACBF8 /* RealityKitContent in Frameworks */ = {isa = PBXBuildFile; productRef = 23F041E02B33310A002ACBF8 /* RealityKitContent */; };
		23F041E32B33310A002ACBF8 /* DinosaursApp.swift in Sources */ = {isa = PBXBuildFile; fileRef = 23F041E22B33310A002ACBF8 /* DinosaursApp.swift */; };
		23F041E52B33310A002ACBF8 /* HomeView.swift in Sources */ = {isa = PBXBuildFile; fileRef = 23F041E42B33310A002ACBF8 /* HomeView.swift */; };
		23F041E92B33310B002ACBF8 /* Assets.xcassets in Resources */ = {isa = PBXBuildFile; fileRef = 23F041E82B33310B002ACBF8 /* Assets.xcassets */; };
		23F041EC2B33310C002ACBF8 /* Preview Assets.xcassets in Resources */ = {isa = PBXBuildFile; fileRef = 23F041EB2B33310C002ACBF8 /* Preview Assets.xcassets */; };
		23F041F52B33374C002ACBF8 /* ViewModel.swift in Sources */ = {isa = PBXBuildFile; fileRef = 23F041F42B33374C002ACBF8 /* ViewModel.swift */; };
		23F041F82B33377C002ACBF8 /* Module.swift in Sources */ = {isa = PBXBuildFile; fileRef = 23F041F72B33377C002ACBF8 /* Module.swift */; };
		23F041FA2B333C28002ACBF8 /* RootView.swift in Sources */ = {isa = PBXBuildFile; fileRef = 23F041F92B333C28002ACBF8 /* RootView.swift */; };
		23F041FC2B333C91002ACBF8 /* ModuleDetail.swift in Sources */ = {isa = PBXBuildFile; fileRef = 23F041FB2B333C91002ACBF8 /* ModuleDetail.swift */; };
		23F041FF2B334C9B002ACBF8 /* DragRotationModifier.swift in Sources */ = {isa = PBXBuildFile; fileRef = 23F041FE2B334C9A002ACBF8 /* DragRotationModifier.swift */; };
		23F042012B335369002ACBF8 /* TriceratopsImmersiveView.swift in Sources */ = {isa = PBXBuildFile; fileRef = 23F042002B335369002ACBF8 /* TriceratopsImmersiveView.swift */; };
		23F042032B345862002ACBF8 /* RaptorEggView.swift in Sources */ = {isa = PBXBuildFile; fileRef = 23F042022B345862002ACBF8 /* RaptorEggView.swift */; };
		23F042072B34634F002ACBF8 /* RaptorEggToggle.swift in Sources */ = {isa = PBXBuildFile; fileRef = 23F042062B34634F002ACBF8 /* RaptorEggToggle.swift */; };
		23F0420A2B348843002ACBF8 /* TriceratopsToggle.swift in Sources */ = {isa = PBXBuildFile; fileRef = 23F042092B348843002ACBF8 /* TriceratopsToggle.swift */; };
		23F0420C2B348ED4002ACBF8 /* RaptorImmersiveView.swift in Sources */ = {isa = PBXBuildFile; fileRef = 23F0420B2B348ED4002ACBF8 /* RaptorImmersiveView.swift */; };
		23F0420E2B349056002ACBF8 /* RaptorImmersiveToggle.swift in Sources */ = {isa = PBXBuildFile; fileRef = 23F0420D2B349056002ACBF8 /* RaptorImmersiveToggle.swift */; };
		23F042112B3496CE002ACBF8 /* TrexImmersionView.swift in Sources */ = {isa = PBXBuildFile; fileRef = 23F042102B3496CE002ACBF8 /* TrexImmersionView.swift */; };
		23F042132B3496DD002ACBF8 /* PrehistoricLandscape.swift in Sources */ = {isa = PBXBuildFile; fileRef = 23F042122B3496DD002ACBF8 /* PrehistoricLandscape.swift */; };
		23F042152B3496E7002ACBF8 /* TRex.swift in Sources */ = {isa = PBXBuildFile; fileRef = 23F042142B3496E7002ACBF8 /* TRex.swift */; };
		23F042172B3497E7002ACBF8 /* TRexToggle.swift in Sources */ = {isa = PBXBuildFile; fileRef = 23F042162B3497E7002ACBF8 /* TRexToggle.swift */; };
		23F042192B359A1E002ACBF8 /* PlacementGestures.swift in Sources */ = {isa = PBXBuildFile; fileRef = 23F042182B359A1E002ACBF8 /* PlacementGestures.swift */; };
		23F0421B2B3D8004002ACBF8 /* Environment.skybox in Resources */ = {isa = PBXBuildFile; fileRef = 23F0421A2B3D8004002ACBF8 /* Environment.skybox */; };
		23F0421E2B3D802F002ACBF8 /* Entity+Light.swift in Sources */ = {isa = PBXBuildFile; fileRef = 23F0421D2B3D802F002ACBF8 /* Entity+Light.swift */; };
		23F042222B3D8786002ACBF8 /* InfoView.swift in Sources */ = {isa = PBXBuildFile; fileRef = 23F042212B3D8786002ACBF8 /* InfoView.swift */; };
/* End PBXBuildFile section */

/* Begin PBXFileReference section */
		23F041DB2B33310A002ACBF8 /* Dinosaurs.app */ = {isa = PBXFileReference; explicitFileType = wrapper.application; includeInIndex = 0; path = Dinosaurs.app; sourceTree = BUILT_PRODUCTS_DIR; };
		23F041DF2B33310A002ACBF8 /* RealityKitContent */ = {isa = PBXFileReference; lastKnownFileType = wrapper; path = RealityKitContent; sourceTree = "<group>"; };
		23F041E22B33310A002ACBF8 /* DinosaursApp.swift */ = {isa = PBXFileReference; lastKnownFileType = sourcecode.swift; path = DinosaursApp.swift; sourceTree = "<group>"; };
		23F041E42B33310A002ACBF8 /* HomeView.swift */ = {isa = PBXFileReference; lastKnownFileType = sourcecode.swift; path = HomeView.swift; sourceTree = "<group>"; };
		23F041E82B33310B002ACBF8 /* Assets.xcassets */ = {isa = PBXFileReference; lastKnownFileType = folder.assetcatalog; path = Assets.xcassets; sourceTree = "<group>"; };
		23F041EB2B33310C002ACBF8 /* Preview Assets.xcassets */ = {isa = PBXFileReference; lastKnownFileType = folder.assetcatalog; path = "Preview Assets.xcassets"; sourceTree = "<group>"; };
		23F041ED2B33310C002ACBF8 /* Info.plist */ = {isa = PBXFileReference; lastKnownFileType = text.plist.xml; path = Info.plist; sourceTree = "<group>"; };
		23F041F42B33374C002ACBF8 /* ViewModel.swift */ = {isa = PBXFileReference; lastKnownFileType = sourcecode.swift; path = ViewModel.swift; sourceTree = "<group>"; };
		23F041F72B33377C002ACBF8 /* Module.swift */ = {isa = PBXFileReference; lastKnownFileType = sourcecode.swift; path = Module.swift; sourceTree = "<group>"; };
		23F041F92B333C28002ACBF8 /* RootView.swift */ = {isa = PBXFileReference; lastKnownFileType = sourcecode.swift; path = RootView.swift; sourceTree = "<group>"; };
		23F041FB2B333C91002ACBF8 /* ModuleDetail.swift */ = {isa = PBXFileReference; fileEncoding = 4; lastKnownFileType = sourcecode.swift; path = ModuleDetail.swift; sourceTree = "<group>"; };
		23F041FE2B334C9A002ACBF8 /* DragRotationModifier.swift */ = {isa = PBXFileReference; fileEncoding = 4; lastKnownFileType = sourcecode.swift; path = DragRotationModifier.swift; sourceTree = "<group>"; };
		23F042002B335369002ACBF8 /* TriceratopsImmersiveView.swift */ = {isa = PBXFileReference; lastKnownFileType = sourcecode.swift; path = TriceratopsImmersiveView.swift; sourceTree = "<group>"; };
		23F042022B345862002ACBF8 /* RaptorEggView.swift */ = {isa = PBXFileReference; lastKnownFileType = sourcecode.swift; path = RaptorEggView.swift; sourceTree = "<group>"; };
		23F042062B34634F002ACBF8 /* RaptorEggToggle.swift */ = {isa = PBXFileReference; lastKnownFileType = sourcecode.swift; path = RaptorEggToggle.swift; sourceTree = "<group>"; };
		23F042092B348843002ACBF8 /* TriceratopsToggle.swift */ = {isa = PBXFileReference; lastKnownFileType = sourcecode.swift; path = TriceratopsToggle.swift; sourceTree = "<group>"; };
		23F0420B2B348ED4002ACBF8 /* RaptorImmersiveView.swift */ = {isa = PBXFileReference; lastKnownFileType = sourcecode.swift; path = RaptorImmersiveView.swift; sourceTree = "<group>"; };
		23F0420D2B349056002ACBF8 /* RaptorImmersiveToggle.swift */ = {isa = PBXFileReference; lastKnownFileType = sourcecode.swift; path = RaptorImmersiveToggle.swift; sourceTree = "<group>"; };
		23F042102B3496CE002ACBF8 /* TrexImmersionView.swift */ = {isa = PBXFileReference; lastKnownFileType = sourcecode.swift; path = TrexImmersionView.swift; sourceTree = "<group>"; };
		23F042122B3496DD002ACBF8 /* PrehistoricLandscape.swift */ = {isa = PBXFileReference; lastKnownFileType = sourcecode.swift; path = PrehistoricLandscape.swift; sourceTree = "<group>"; };
		23F042142B3496E7002ACBF8 /* TRex.swift */ = {isa = PBXFileReference; lastKnownFileType = sourcecode.swift; path = TRex.swift; sourceTree = "<group>"; };
		23F042162B3497E7002ACBF8 /* TRexToggle.swift */ = {isa = PBXFileReference; lastKnownFileType = sourcecode.swift; path = TRexToggle.swift; sourceTree = "<group>"; };
		23F042182B359A1E002ACBF8 /* PlacementGestures.swift */ = {isa = PBXFileReference; lastKnownFileType = sourcecode.swift; path = PlacementGestures.swift; sourceTree = "<group>"; };
		23F0421A2B3D8004002ACBF8 /* Environment.skybox */ = {isa = PBXFileReference; lastKnownFileType = file.skybox; path = Environment.skybox; sourceTree = "<group>"; };
		23F0421D2B3D802F002ACBF8 /* Entity+Light.swift */ = {isa = PBXFileReference; fileEncoding = 4; lastKnownFileType = sourcecode.swift; path = "Entity+Light.swift"; sourceTree = "<group>"; };
		23F042212B3D8786002ACBF8 /* InfoView.swift */ = {isa = PBXFileReference; lastKnownFileType = sourcecode.swift; path = InfoView.swift; sourceTree = "<group>"; };
/* End PBXFileReference section */

/* Begin PBXFrameworksBuildPhase section */
		23F041D82B33310A002ACBF8 /* Frameworks */ = {
			isa = PBXFrameworksBuildPhase;
			buildActionMask = 2147483647;
			files = (
				23F041E12B33310A002ACBF8 /* RealityKitContent in Frameworks */,
			);
			runOnlyForDeploymentPostprocessing = 0;
		};
/* End PBXFrameworksBuildPhase section */

/* Begin PBXGroup section */
		23F041D22B33310A002ACBF8 = {
			isa = PBXGroup;
			children = (
				23F041DD2B33310A002ACBF8 /* Dinosaurs */,
				23F041DE2B33310A002ACBF8 /* Packages */,
				23F041DC2B33310A002ACBF8 /* Products */,
			);
			sourceTree = "<group>";
		};
		23F041DC2B33310A002ACBF8 /* Products */ = {
			isa = PBXGroup;
			children = (
				23F041DB2B33310A002ACBF8 /* Dinosaurs.app */,
			);
			name = Products;
			sourceTree = "<group>";
		};
		23F041DD2B33310A002ACBF8 /* Dinosaurs */ = {
			isa = PBXGroup;
			children = (
				23F0421A2B3D8004002ACBF8 /* Environment.skybox */,
				23F041E22B33310A002ACBF8 /* DinosaursApp.swift */,
				23F042042B346301002ACBF8 /* Home */,
				23F042082B3487D4002ACBF8 /* Triceratops */,
				23F0420F2B3496B1002ACBF8 /* Trex */,
				23F042052B346320002ACBF8 /* Raptor */,
				23F041F62B33376E002ACBF8 /* Models */,
				23F041FD2B334C8B002ACBF8 /* Modifiers */,
				23F0421C2B3D8020002ACBF8 /* Misc */,
				23F041E82B33310B002ACBF8 /* Assets.xcassets */,
				23F041ED2B33310C002ACBF8 /* Info.plist */,
				23F041EA2B33310C002ACBF8 /* Preview Content */,
			);
			path = Dinosaurs;
			sourceTree = "<group>";
		};
		23F041DE2B33310A002ACBF8 /* Packages */ = {
			isa = PBXGroup;
			children = (
				23F041DF2B33310A002ACBF8 /* RealityKitContent */,
			);
			path = Packages;
			sourceTree = "<group>";
		};
		23F041EA2B33310C002ACBF8 /* Preview Content */ = {
			isa = PBXGroup;
			children = (
				23F041EB2B33310C002ACBF8 /* Preview Assets.xcassets */,
			);
			path = "Preview Content";
			sourceTree = "<group>";
		};
		23F041F62B33376E002ACBF8 /* Models */ = {
			isa = PBXGroup;
			children = (
				23F041F42B33374C002ACBF8 /* ViewModel.swift */,
				23F041F72B33377C002ACBF8 /* Module.swift */,
			);
			path = Models;
			sourceTree = "<group>";
		};
		23F041FD2B334C8B002ACBF8 /* Modifiers */ = {
			isa = PBXGroup;
			children = (
				23F041FE2B334C9A002ACBF8 /* DragRotationModifier.swift */,
				23F042182B359A1E002ACBF8 /* PlacementGestures.swift */,
			);
			path = Modifiers;
			sourceTree = "<group>";
		};
		23F042042B346301002ACBF8 /* Home */ = {
			isa = PBXGroup;
			children = (
				23F041F92B333C28002ACBF8 /* RootView.swift */,
				23F041E42B33310A002ACBF8 /* HomeView.swift */,
				23F041FB2B333C91002ACBF8 /* ModuleDetail.swift */,
				23F042212B3D8786002ACBF8 /* InfoView.swift */,
			);
			path = Home;
			sourceTree = "<group>";
		};
		23F042052B346320002ACBF8 /* Raptor */ = {
			isa = PBXGroup;
			children = (
				23F042062B34634F002ACBF8 /* RaptorEggToggle.swift */,
				23F042022B345862002ACBF8 /* RaptorEggView.swift */,
				23F0420B2B348ED4002ACBF8 /* RaptorImmersiveView.swift */,
				23F0420D2B349056002ACBF8 /* RaptorImmersiveToggle.swift */,
			);
			path = Raptor;
			sourceTree = "<group>";
		};
		23F042082B3487D4002ACBF8 /* Triceratops */ = {
			isa = PBXGroup;
			children = (
				23F042002B335369002ACBF8 /* TriceratopsImmersiveView.swift */,
				23F042092B348843002ACBF8 /* TriceratopsToggle.swift */,
			);
			path = Triceratops;
			sourceTree = "<group>";
		};
		23F0420F2B3496B1002ACBF8 /* Trex */ = {
			isa = PBXGroup;
			children = (
				23F042102B3496CE002ACBF8 /* TrexImmersionView.swift */,
				23F042122B3496DD002ACBF8 /* PrehistoricLandscape.swift */,
				23F042142B3496E7002ACBF8 /* TRex.swift */,
				23F042162B3497E7002ACBF8 /* TRexToggle.swift */,
			);
			path = Trex;
			sourceTree = "<group>";
		};
		23F0421C2B3D8020002ACBF8 /* Misc */ = {
			isa = PBXGroup;
			children = (
				23F0421D2B3D802F002ACBF8 /* Entity+Light.swift */,
			);
			path = Misc;
			sourceTree = "<group>";
		};
/* End PBXGroup section */

/* Begin PBXNativeTarget section */
		23F041DA2B33310A002ACBF8 /* Dinosaurs */ = {
			isa = PBXNativeTarget;
			buildConfigurationList = 23F041F02B33310C002ACBF8 /* Build configuration list for PBXNativeTarget "Dinosaurs" */;
			buildPhases = (
				23F041D72B33310A002ACBF8 /* Sources */,
				23F041D82B33310A002ACBF8 /* Frameworks */,
				23F041D92B33310A002ACBF8 /* Resources */,
			);
			buildRules = (
			);
			dependencies = (
			);
			name = Dinosaurs;
			packageProductDependencies = (
				23F041E02B33310A002ACBF8 /* RealityKitContent */,
			);
			productName = Dinosaurs;
			productReference = 23F041DB2B33310A002ACBF8 /* Dinosaurs.app */;
			productType = "com.apple.product-type.application";
		};
/* End PBXNativeTarget section */

/* Begin PBXProject section */
		23F041D32B33310A002ACBF8 /* Project object */ = {
			isa = PBXProject;
			attributes = {
				BuildIndependentTargetsInParallel = 1;
				LastSwiftUpdateCheck = 1520;
				LastUpgradeCheck = 1520;
				TargetAttributes = {
					23F041DA2B33310A002ACBF8 = {
						CreatedOnToolsVersion = 15.2;
					};
				};
			};
			buildConfigurationList = 23F041D62B33310A002ACBF8 /* Build configuration list for PBXProject "Dinosaurs" */;
			compatibilityVersion = "Xcode 14.0";
			developmentRegion = en;
			hasScannedForEncodings = 0;
			knownRegions = (
				en,
				Base,
			);
			mainGroup = 23F041D22B33310A002ACBF8;
			productRefGroup = 23F041DC2B33310A002ACBF8 /* Products */;
			projectDirPath = "";
			projectRoot = "";
			targets = (
				23F041DA2B33310A002ACBF8 /* Dinosaurs */,
			);
		};
/* End PBXProject section */

/* Begin PBXResourcesBuildPhase section */
		23F041D92B33310A002ACBF8 /* Resources */ = {
			isa = PBXResourcesBuildPhase;
			buildActionMask = 2147483647;
			files = (
				23F041EC2B33310C002ACBF8 /* Preview Assets.xcassets in Resources */,
				23F041E92B33310B002ACBF8 /* Assets.xcassets in Resources */,
				23F0421B2B3D8004002ACBF8 /* Environment.skybox in Resources */,
			);
			runOnlyForDeploymentPostprocessing = 0;
		};
/* End PBXResourcesBuildPhase section */

/* Begin PBXSourcesBuildPhase section */
		23F041D72B33310A002ACBF8 /* Sources */ = {
			isa = PBXSourcesBuildPhase;
			buildActionMask = 2147483647;
			files = (
				23F042132B3496DD002ACBF8 /* PrehistoricLandscape.swift in Sources */,
				23F041E52B33310A002ACBF8 /* HomeView.swift in Sources */,
				23F041FF2B334C9B002ACBF8 /* DragRotationModifier.swift in Sources */,
				23F041F82B33377C002ACBF8 /* Module.swift in Sources */,
				23F0420A2B348843002ACBF8 /* TriceratopsToggle.swift in Sources */,
				23F0420E2B349056002ACBF8 /* RaptorImmersiveToggle.swift in Sources */,
				23F042112B3496CE002ACBF8 /* TrexImmersionView.swift in Sources */,
				23F042192B359A1E002ACBF8 /* PlacementGestures.swift in Sources */,
				23F042222B3D8786002ACBF8 /* InfoView.swift in Sources */,
				23F0421E2B3D802F002ACBF8 /* Entity+Light.swift in Sources */,
				23F0420C2B348ED4002ACBF8 /* RaptorImmersiveView.swift in Sources */,
				23F042152B3496E7002ACBF8 /* TRex.swift in Sources */,
				23F041FC2B333C91002ACBF8 /* ModuleDetail.swift in Sources */,
				23F041F52B33374C002ACBF8 /* ViewModel.swift in Sources */,
				23F042032B345862002ACBF8 /* RaptorEggView.swift in Sources */,
				23F042172B3497E7002ACBF8 /* TRexToggle.swift in Sources */,
				23F042012B335369002ACBF8 /* TriceratopsImmersiveView.swift in Sources */,
				23F041E32B33310A002ACBF8 /* DinosaursApp.swift in Sources */,
				23F041FA2B333C28002ACBF8 /* RootView.swift in Sources */,
				23F042072B34634F002ACBF8 /* RaptorEggToggle.swift in Sources */,
			);
			runOnlyForDeploymentPostprocessing = 0;
		};
/* End PBXSourcesBuildPhase section */

/* Begin XCBuildConfiguration section */
		23F041EE2B33310C002ACBF8 /* Debug */ = {
			isa = XCBuildConfiguration;
			buildSettings = {
				ALWAYS_SEARCH_USER_PATHS = NO;
				ASSETCATALOG_COMPILER_GENERATE_SWIFT_ASSET_SYMBOL_EXTENSIONS = YES;
				CLANG_ANALYZER_NONNULL = YES;
				CLANG_ANALYZER_NUMBER_OBJECT_CONVERSION = YES_AGGRESSIVE;
				CLANG_CXX_LANGUAGE_STANDARD = "gnu++20";
				CLANG_ENABLE_MODULES = YES;
				CLANG_ENABLE_OBJC_ARC = YES;
				CLANG_ENABLE_OBJC_WEAK = YES;
				CLANG_WARN_BLOCK_CAPTURE_AUTORELEASING = YES;
				CLANG_WARN_BOOL_CONVERSION = YES;
				CLANG_WARN_COMMA = YES;
				CLANG_WARN_CONSTANT_CONVERSION = YES;
				CLANG_WARN_DEPRECATED_OBJC_IMPLEMENTATIONS = YES;
				CLANG_WARN_DIRECT_OBJC_ISA_USAGE = YES_ERROR;
				CLANG_WARN_DOCUMENTATION_COMMENTS = YES;
				CLANG_WARN_EMPTY_BODY = YES;
				CLANG_WARN_ENUM_CONVERSION = YES;
				CLANG_WARN_INFINITE_RECURSION = YES;
				CLANG_WARN_INT_CONVERSION = YES;
				CLANG_WARN_NON_LITERAL_NULL_CONVERSION = YES;
				CLANG_WARN_OBJC_IMPLICIT_RETAIN_SELF = YES;
				CLANG_WARN_OBJC_LITERAL_CONVERSION = YES;
				CLANG_WARN_OBJC_ROOT_CLASS = YES_ERROR;
				CLANG_WARN_QUOTED_INCLUDE_IN_FRAMEWORK_HEADER = YES;
				CLANG_WARN_RANGE_LOOP_ANALYSIS = YES;
				CLANG_WARN_STRICT_PROTOTYPES = YES;
				CLANG_WARN_SUSPICIOUS_MOVE = YES;
				CLANG_WARN_UNGUARDED_AVAILABILITY = YES_AGGRESSIVE;
				CLANG_WARN_UNREACHABLE_CODE = YES;
				CLANG_WARN__DUPLICATE_METHOD_MATCH = YES;
				COPY_PHASE_STRIP = NO;
				DEBUG_INFORMATION_FORMAT = dwarf;
				ENABLE_STRICT_OBJC_MSGSEND = YES;
				ENABLE_TESTABILITY = YES;
				ENABLE_USER_SCRIPT_SANDBOXING = YES;
				GCC_C_LANGUAGE_STANDARD = gnu17;
				GCC_DYNAMIC_NO_PIC = NO;
				GCC_NO_COMMON_BLOCKS = YES;
				GCC_OPTIMIZATION_LEVEL = 0;
				GCC_PREPROCESSOR_DEFINITIONS = (
					"DEBUG=1",
					"$(inherited)",
				);
				GCC_WARN_64_TO_32_BIT_CONVERSION = YES;
				GCC_WARN_ABOUT_RETURN_TYPE = YES_ERROR;
				GCC_WARN_UNDECLARED_SELECTOR = YES;
				GCC_WARN_UNINITIALIZED_AUTOS = YES_AGGRESSIVE;
				GCC_WARN_UNUSED_FUNCTION = YES;
				GCC_WARN_UNUSED_VARIABLE = YES;
				LOCALIZATION_PREFERS_STRING_CATALOGS = YES;
				MTL_ENABLE_DEBUG_INFO = INCLUDE_SOURCE;
				MTL_FAST_MATH = YES;
				ONLY_ACTIVE_ARCH = YES;
				SDKROOT = xros;
				SWIFT_ACTIVE_COMPILATION_CONDITIONS = "DEBUG $(inherited)";
				SWIFT_OPTIMIZATION_LEVEL = "-Onone";
				XROS_DEPLOYMENT_TARGET = 1.0;
			};
			name = Debug;
		};
		23F041EF2B33310C002ACBF8 /* Release */ = {
			isa = XCBuildConfiguration;
			buildSettings = {
				ALWAYS_SEARCH_USER_PATHS = NO;
				ASSETCATALOG_COMPILER_GENERATE_SWIFT_ASSET_SYMBOL_EXTENSIONS = YES;
				CLANG_ANALYZER_NONNULL = YES;
				CLANG_ANALYZER_NUMBER_OBJECT_CONVERSION = YES_AGGRESSIVE;
				CLANG_CXX_LANGUAGE_STANDARD = "gnu++20";
				CLANG_ENABLE_MODULES = YES;
				CLANG_ENABLE_OBJC_ARC = YES;
				CLANG_ENABLE_OBJC_WEAK = YES;
				CLANG_WARN_BLOCK_CAPTURE_AUTORELEASING = YES;
				CLANG_WARN_BOOL_CONVERSION = YES;
				CLANG_WARN_COMMA = YES;
				CLANG_WARN_CONSTANT_CONVERSION = YES;
				CLANG_WARN_DEPRECATED_OBJC_IMPLEMENTATIONS = YES;
				CLANG_WARN_DIRECT_OBJC_ISA_USAGE = YES_ERROR;
				CLANG_WARN_DOCUMENTATION_COMMENTS = YES;
				CLANG_WARN_EMPTY_BODY = YES;
				CLANG_WARN_ENUM_CONVERSION = YES;
				CLANG_WARN_INFINITE_RECURSION = YES;
				CLANG_WARN_INT_CONVERSION = YES;
				CLANG_WARN_NON_LITERAL_NULL_CONVERSION = YES;
				CLANG_WARN_OBJC_IMPLICIT_RETAIN_SELF = YES;
				CLANG_WARN_OBJC_LITERAL_CONVERSION = YES;
				CLANG_WARN_OBJC_ROOT_CLASS = YES_ERROR;
				CLANG_WARN_QUOTED_INCLUDE_IN_FRAMEWORK_HEADER = YES;
				CLANG_WARN_RANGE_LOOP_ANALYSIS = YES;
				CLANG_WARN_STRICT_PROTOTYPES = YES;
				CLANG_WARN_SUSPICIOUS_MOVE = YES;
				CLANG_WARN_UNGUARDED_AVAILABILITY = YES_AGGRESSIVE;
				CLANG_WARN_UNREACHABLE_CODE = YES;
				CLANG_WARN__DUPLICATE_METHOD_MATCH = YES;
				COPY_PHASE_STRIP = NO;
				DEBUG_INFORMATION_FORMAT = "dwarf-with-dsym";
				ENABLE_NS_ASSERTIONS = NO;
				ENABLE_STRICT_OBJC_MSGSEND = YES;
				ENABLE_USER_SCRIPT_SANDBOXING = YES;
				GCC_C_LANGUAGE_STANDARD = gnu17;
				GCC_NO_COMMON_BLOCKS = YES;
				GCC_WARN_64_TO_32_BIT_CONVERSION = YES;
				GCC_WARN_ABOUT_RETURN_TYPE = YES_ERROR;
				GCC_WARN_UNDECLARED_SELECTOR = YES;
				GCC_WARN_UNINITIALIZED_AUTOS = YES_AGGRESSIVE;
				GCC_WARN_UNUSED_FUNCTION = YES;
				GCC_WARN_UNUSED_VARIABLE = YES;
				LOCALIZATION_PREFERS_STRING_CATALOGS = YES;
				MTL_ENABLE_DEBUG_INFO = NO;
				MTL_FAST_MATH = YES;
				SDKROOT = xros;
				SWIFT_COMPILATION_MODE = wholemodule;
				VALIDATE_PRODUCT = YES;
				XROS_DEPLOYMENT_TARGET = 1.0;
			};
			name = Release;
		};
		23F041F12B33310C002ACBF8 /* Debug */ = {
			isa = XCBuildConfiguration;
			buildSettings = {
				ASSETCATALOG_COMPILER_APPICON_NAME = AppIcon;
				ASSETCATALOG_COMPILER_GLOBAL_ACCENT_COLOR_NAME = AccentColor;
				CODE_SIGN_STYLE = Automatic;
				CURRENT_PROJECT_VERSION = 1;
				DEVELOPMENT_ASSET_PATHS = "\"Dinosaurs/Preview Content\"";
				DEVELOPMENT_TEAM = 3B3T6943AP;
				ENABLE_PREVIEWS = YES;
				GENERATE_INFOPLIST_FILE = YES;
				INFOPLIST_FILE = "$(TARGET_NAME)/Info.plist";
				LD_RUNPATH_SEARCH_PATHS = (
					"$(inherited)",
					"@executable_path/Frameworks",
				);
				MARKETING_VERSION = 1.0;
				PRODUCT_BUNDLE_IDENTIFIER = com.alloyd.Dinosaurs;
				PRODUCT_NAME = "$(TARGET_NAME)";
				SUPPORTED_PLATFORMS = "xros xrsimulator";
				SWIFT_EMIT_LOC_STRINGS = YES;
				SWIFT_VERSION = 5.0;
				TARGETED_DEVICE_FAMILY = "1,2,7";
			};
			name = Debug;
		};
		23F041F22B33310C002ACBF8 /* Release */ = {
			isa = XCBuildConfiguration;
			buildSettings = {
				ASSETCATALOG_COMPILER_APPICON_NAME = AppIcon;
				ASSETCATALOG_COMPILER_GLOBAL_ACCENT_COLOR_NAME = AccentColor;
				CODE_SIGN_STYLE = Automatic;
				CURRENT_PROJECT_VERSION = 1;
				DEVELOPMENT_ASSET_PATHS = "\"Dinosaurs/Preview Content\"";
				DEVELOPMENT_TEAM = 3B3T6943AP;
				ENABLE_PREVIEWS = YES;
				GENERATE_INFOPLIST_FILE = YES;
				INFOPLIST_FILE = "$(TARGET_NAME)/Info.plist";
				LD_RUNPATH_SEARCH_PATHS = (
					"$(inherited)",
					"@executable_path/Frameworks",
				);
				MARKETING_VERSION = 1.0;
				PRODUCT_BUNDLE_IDENTIFIER = com.alloyd.Dinosaurs;
				PRODUCT_NAME = "$(TARGET_NAME)";
				SUPPORTED_PLATFORMS = "xros xrsimulator";
				SWIFT_EMIT_LOC_STRINGS = YES;
				SWIFT_VERSION = 5.0;
				TARGETED_DEVICE_FAMILY = "1,2,7";
			};
			name = Release;
		};
/* End XCBuildConfiguration section */

/* Begin XCConfigurationList section */
		23F041D62B33310A002ACBF8 /* Build configuration list for PBXProject "Dinosaurs" */ = {
			isa = XCConfigurationList;
			buildConfigurations = (
				23F041EE2B33310C002ACBF8 /* Debug */,
				23F041EF2B33310C002ACBF8 /* Release */,
			);
			defaultConfigurationIsVisible = 0;
			defaultConfigurationName = Release;
		};
		23F041F02B33310C002ACBF8 /* Build configuration list for PBXNativeTarget "Dinosaurs" */ = {
			isa = XCConfigurationList;
			buildConfigurations = (
				23F041F12B33310C002ACBF8 /* Debug */,
				23F041F22B33310C002ACBF8 /* Release */,
			);
			defaultConfigurationIsVisible = 0;
			defaultConfigurationName = Release;
		};
/* End XCConfigurationList section */

/* Begin XCSwiftPackageProductDependency section */
		23F041E02B33310A002ACBF8 /* RealityKitContent */ = {
			isa = XCSwiftPackageProductDependency;
			productName = RealityKitContent;
		};
/* End XCSwiftPackageProductDependency section */
	};
	rootObject = 23F041D32B33310A002ACBF8 /* Project object */;
}
